// !$*UTF8*$!
{
	archiveVersion = 1;
	classes = {
	};
	objectVersion = 56;
	objects = {

/* Begin PBXBuildFile section */
		57B3CD98C070F582EBE23563 /* Pods_PokemonsApp_PokemonsAppUITests.framework in Frameworks */ = {isa = PBXBuildFile; fileRef = FCBD89F338180B83DA150187 /* Pods_PokemonsApp_PokemonsAppUITests.framework */; };
		AC434EC22B851BB60080281B /* AppDelegate.swift in Sources */ = {isa = PBXBuildFile; fileRef = AC434EC12B851BB60080281B /* AppDelegate.swift */; };
		AC434EC42B851BB60080281B /* SceneDelegate.swift in Sources */ = {isa = PBXBuildFile; fileRef = AC434EC32B851BB60080281B /* SceneDelegate.swift */; };
		AC434EC62B851BB60080281B /* PokemonListViewController.swift in Sources */ = {isa = PBXBuildFile; fileRef = AC434EC52B851BB60080281B /* PokemonListViewController.swift */; };
		AC434ECB2B851BB80080281B /* Assets.xcassets in Resources */ = {isa = PBXBuildFile; fileRef = AC434ECA2B851BB80080281B /* Assets.xcassets */; };
		AC434ECE2B851BB80080281B /* LaunchScreen.storyboard in Resources */ = {isa = PBXBuildFile; fileRef = AC434ECC2B851BB80080281B /* LaunchScreen.storyboard */; };
		AC434ED92B851BB80080281B /* PokemonsAppTests.swift in Sources */ = {isa = PBXBuildFile; fileRef = AC434ED82B851BB80080281B /* PokemonsAppTests.swift */; };
		AC434EE32B851BB80080281B /* PokemonsAppUITests.swift in Sources */ = {isa = PBXBuildFile; fileRef = AC434EE22B851BB80080281B /* PokemonsAppUITests.swift */; };
		AC434EE52B851BB80080281B /* PokemonsAppUITestsLaunchTests.swift in Sources */ = {isa = PBXBuildFile; fileRef = AC434EE42B851BB80080281B /* PokemonsAppUITestsLaunchTests.swift */; };
		AC434EF32B8540030080281B /* PokemonListInteractor.swift in Sources */ = {isa = PBXBuildFile; fileRef = AC434EF22B8540030080281B /* PokemonListInteractor.swift */; };
		AC434EF52B8540500080281B /* PokemonListPresenter.swift in Sources */ = {isa = PBXBuildFile; fileRef = AC434EF42B8540500080281B /* PokemonListPresenter.swift */; };
		AC434EF72B8541610080281B /* PokemonListModel.swift in Sources */ = {isa = PBXBuildFile; fileRef = AC434EF62B8541610080281B /* PokemonListModel.swift */; };
		AC72FA122B87D94F00CCBCD6 /* PokemonDetailViewController.swift in Sources */ = {isa = PBXBuildFile; fileRef = AC72FA112B87D94F00CCBCD6 /* PokemonDetailViewController.swift */; };
		AC72FA142B87D9F000CCBCD6 /* PokemonDetailInteractor.swift in Sources */ = {isa = PBXBuildFile; fileRef = AC72FA132B87D9F000CCBCD6 /* PokemonDetailInteractor.swift */; };
		AC72FA162B87DA6D00CCBCD6 /* PokemonDetailPresenter.swift in Sources */ = {isa = PBXBuildFile; fileRef = AC72FA152B87DA6D00CCBCD6 /* PokemonDetailPresenter.swift */; };
		AC72FA182B87DAC700CCBCD6 /* PokemonDetailModel.swift in Sources */ = {isa = PBXBuildFile; fileRef = AC72FA172B87DAC700CCBCD6 /* PokemonDetailModel.swift */; };
		AC72FA1A2B87DB0500CCBCD6 /* PokemonDetailWorker.swift in Sources */ = {isa = PBXBuildFile; fileRef = AC72FA192B87DB0500CCBCD6 /* PokemonDetailWorker.swift */; };
		AC7F19D42B866E5800194D1F /* PokemonListWorker.swift in Sources */ = {isa = PBXBuildFile; fileRef = AC7F19D32B866E5800194D1F /* PokemonListWorker.swift */; };
		AC7F19D62B86763400194D1F /* Main.storyboard in Resources */ = {isa = PBXBuildFile; fileRef = AC7F19D52B86763400194D1F /* Main.storyboard */; };
		AC7F19D72B86763400194D1F /* Main.storyboard in Resources */ = {isa = PBXBuildFile; fileRef = AC7F19D52B86763400194D1F /* Main.storyboard */; };
		AC7F19D82B86763400194D1F /* Main.storyboard in Resources */ = {isa = PBXBuildFile; fileRef = AC7F19D52B86763400194D1F /* Main.storyboard */; };
		BAFC72F7993373B309F2DE9E /* Pods_PokemonsAppTests.framework in Frameworks */ = {isa = PBXBuildFile; fileRef = 1A188BDE5184028D6EBA0B07 /* Pods_PokemonsAppTests.framework */; };
		DC22FCFF129B9642EA869CD7 /* Pods_PokemonsApp.framework in Frameworks */ = {isa = PBXBuildFile; fileRef = 565631B9300A283D59E6B2F9 /* Pods_PokemonsApp.framework */; };
/* End PBXBuildFile section */

/* Begin PBXContainerItemProxy section */
		AC434ED52B851BB80080281B /* PBXContainerItemProxy */ = {
			isa = PBXContainerItemProxy;
			containerPortal = AC434EB62B851BB60080281B /* Project object */;
			proxyType = 1;
			remoteGlobalIDString = AC434EBD2B851BB60080281B;
			remoteInfo = PokemonsApp;
		};
		AC434EDF2B851BB80080281B /* PBXContainerItemProxy */ = {
			isa = PBXContainerItemProxy;
			containerPortal = AC434EB62B851BB60080281B /* Project object */;
			proxyType = 1;
			remoteGlobalIDString = AC434EBD2B851BB60080281B;
			remoteInfo = PokemonsApp;
		};
/* End PBXContainerItemProxy section */

/* Begin PBXFileReference section */
		1A188BDE5184028D6EBA0B07 /* Pods_PokemonsAppTests.framework */ = {isa = PBXFileReference; explicitFileType = wrapper.framework; includeInIndex = 0; path = Pods_PokemonsAppTests.framework; sourceTree = BUILT_PRODUCTS_DIR; };
		1CDC424B342D872F1F498C3B /* Pods-PokemonsApp-PokemonsAppUITests.debug.xcconfig */ = {isa = PBXFileReference; includeInIndex = 1; lastKnownFileType = text.xcconfig; name = "Pods-PokemonsApp-PokemonsAppUITests.debug.xcconfig"; path = "Target Support Files/Pods-PokemonsApp-PokemonsAppUITests/Pods-PokemonsApp-PokemonsAppUITests.debug.xcconfig"; sourceTree = "<group>"; };
		23159E5D170F28DD0DDD6F02 /* Pods-PokemonsAppTests.release.xcconfig */ = {isa = PBXFileReference; includeInIndex = 1; lastKnownFileType = text.xcconfig; name = "Pods-PokemonsAppTests.release.xcconfig"; path = "Target Support Files/Pods-PokemonsAppTests/Pods-PokemonsAppTests.release.xcconfig"; sourceTree = "<group>"; };
		3ADF423B887889611ECA1194 /* Pods-PokemonsApp.release.xcconfig */ = {isa = PBXFileReference; includeInIndex = 1; lastKnownFileType = text.xcconfig; name = "Pods-PokemonsApp.release.xcconfig"; path = "Target Support Files/Pods-PokemonsApp/Pods-PokemonsApp.release.xcconfig"; sourceTree = "<group>"; };
		565631B9300A283D59E6B2F9 /* Pods_PokemonsApp.framework */ = {isa = PBXFileReference; explicitFileType = wrapper.framework; includeInIndex = 0; path = Pods_PokemonsApp.framework; sourceTree = BUILT_PRODUCTS_DIR; };
		80DD7B8240ED9B67D769B566 /* Pods-PokemonsApp.debug.xcconfig */ = {isa = PBXFileReference; includeInIndex = 1; lastKnownFileType = text.xcconfig; name = "Pods-PokemonsApp.debug.xcconfig"; path = "Target Support Files/Pods-PokemonsApp/Pods-PokemonsApp.debug.xcconfig"; sourceTree = "<group>"; };
		950B9314DA2B52B712856160 /* Pods-PokemonsAppTests.debug.xcconfig */ = {isa = PBXFileReference; includeInIndex = 1; lastKnownFileType = text.xcconfig; name = "Pods-PokemonsAppTests.debug.xcconfig"; path = "Target Support Files/Pods-PokemonsAppTests/Pods-PokemonsAppTests.debug.xcconfig"; sourceTree = "<group>"; };
		A4EC9F4290C76313D65D9A26 /* Pods-PokemonsApp-PokemonsAppUITests.release.xcconfig */ = {isa = PBXFileReference; includeInIndex = 1; lastKnownFileType = text.xcconfig; name = "Pods-PokemonsApp-PokemonsAppUITests.release.xcconfig"; path = "Target Support Files/Pods-PokemonsApp-PokemonsAppUITests/Pods-PokemonsApp-PokemonsAppUITests.release.xcconfig"; sourceTree = "<group>"; };
		AC434EBE2B851BB60080281B /* PokemonsApp.app */ = {isa = PBXFileReference; explicitFileType = wrapper.application; includeInIndex = 0; path = PokemonsApp.app; sourceTree = BUILT_PRODUCTS_DIR; };
		AC434EC12B851BB60080281B /* AppDelegate.swift */ = {isa = PBXFileReference; lastKnownFileType = sourcecode.swift; path = AppDelegate.swift; sourceTree = "<group>"; };
		AC434EC32B851BB60080281B /* SceneDelegate.swift */ = {isa = PBXFileReference; lastKnownFileType = sourcecode.swift; path = SceneDelegate.swift; sourceTree = "<group>"; };
		AC434EC52B851BB60080281B /* PokemonListViewController.swift */ = {isa = PBXFileReference; lastKnownFileType = sourcecode.swift; path = PokemonListViewController.swift; sourceTree = "<group>"; };
		AC434ECA2B851BB80080281B /* Assets.xcassets */ = {isa = PBXFileReference; lastKnownFileType = folder.assetcatalog; path = Assets.xcassets; sourceTree = "<group>"; };
		AC434ECD2B851BB80080281B /* Base */ = {isa = PBXFileReference; lastKnownFileType = file.storyboard; name = Base; path = Base.lproj/LaunchScreen.storyboard; sourceTree = "<group>"; };
		AC434ECF2B851BB80080281B /* Info.plist */ = {isa = PBXFileReference; lastKnownFileType = text.plist.xml; path = Info.plist; sourceTree = "<group>"; };
		AC434ED42B851BB80080281B /* PokemonsAppTests.xctest */ = {isa = PBXFileReference; explicitFileType = wrapper.cfbundle; includeInIndex = 0; path = PokemonsAppTests.xctest; sourceTree = BUILT_PRODUCTS_DIR; };
		AC434ED82B851BB80080281B /* PokemonsAppTests.swift */ = {isa = PBXFileReference; lastKnownFileType = sourcecode.swift; path = PokemonsAppTests.swift; sourceTree = "<group>"; };
		AC434EDE2B851BB80080281B /* PokemonsAppUITests.xctest */ = {isa = PBXFileReference; explicitFileType = wrapper.cfbundle; includeInIndex = 0; path = PokemonsAppUITests.xctest; sourceTree = BUILT_PRODUCTS_DIR; };
		AC434EE22B851BB80080281B /* PokemonsAppUITests.swift */ = {isa = PBXFileReference; lastKnownFileType = sourcecode.swift; path = PokemonsAppUITests.swift; sourceTree = "<group>"; };
		AC434EE42B851BB80080281B /* PokemonsAppUITestsLaunchTests.swift */ = {isa = PBXFileReference; lastKnownFileType = sourcecode.swift; path = PokemonsAppUITestsLaunchTests.swift; sourceTree = "<group>"; };
		AC434EF22B8540030080281B /* PokemonListInteractor.swift */ = {isa = PBXFileReference; lastKnownFileType = sourcecode.swift; path = PokemonListInteractor.swift; sourceTree = "<group>"; };
		AC434EF42B8540500080281B /* PokemonListPresenter.swift */ = {isa = PBXFileReference; lastKnownFileType = sourcecode.swift; path = PokemonListPresenter.swift; sourceTree = "<group>"; };
		AC434EF62B8541610080281B /* PokemonListModel.swift */ = {isa = PBXFileReference; lastKnownFileType = sourcecode.swift; path = PokemonListModel.swift; sourceTree = "<group>"; };
		AC72FA112B87D94F00CCBCD6 /* PokemonDetailViewController.swift */ = {isa = PBXFileReference; lastKnownFileType = sourcecode.swift; path = PokemonDetailViewController.swift; sourceTree = "<group>"; };
		AC72FA132B87D9F000CCBCD6 /* PokemonDetailInteractor.swift */ = {isa = PBXFileReference; lastKnownFileType = sourcecode.swift; path = PokemonDetailInteractor.swift; sourceTree = "<group>"; };
		AC72FA152B87DA6D00CCBCD6 /* PokemonDetailPresenter.swift */ = {isa = PBXFileReference; lastKnownFileType = sourcecode.swift; path = PokemonDetailPresenter.swift; sourceTree = "<group>"; };
		AC72FA172B87DAC700CCBCD6 /* PokemonDetailModel.swift */ = {isa = PBXFileReference; lastKnownFileType = sourcecode.swift; path = PokemonDetailModel.swift; sourceTree = "<group>"; };
		AC72FA192B87DB0500CCBCD6 /* PokemonDetailWorker.swift */ = {isa = PBXFileReference; lastKnownFileType = sourcecode.swift; path = PokemonDetailWorker.swift; sourceTree = "<group>"; };
		AC7F19D32B866E5800194D1F /* PokemonListWorker.swift */ = {isa = PBXFileReference; lastKnownFileType = sourcecode.swift; path = PokemonListWorker.swift; sourceTree = "<group>"; };
		AC7F19D52B86763400194D1F /* Main.storyboard */ = {isa = PBXFileReference; fileEncoding = 4; lastKnownFileType = file.storyboard; path = Main.storyboard; sourceTree = "<group>"; };
		FCBD89F338180B83DA150187 /* Pods_PokemonsApp_PokemonsAppUITests.framework */ = {isa = PBXFileReference; explicitFileType = wrapper.framework; includeInIndex = 0; path = Pods_PokemonsApp_PokemonsAppUITests.framework; sourceTree = BUILT_PRODUCTS_DIR; };
/* End PBXFileReference section */

/* Begin PBXFrameworksBuildPhase section */
		AC434EBB2B851BB60080281B /* Frameworks */ = {
			isa = PBXFrameworksBuildPhase;
			buildActionMask = 2147483647;
			files = (
				DC22FCFF129B9642EA869CD7 /* Pods_PokemonsApp.framework in Frameworks */,
			);
			runOnlyForDeploymentPostprocessing = 0;
		};
		AC434ED12B851BB80080281B /* Frameworks */ = {
			isa = PBXFrameworksBuildPhase;
			buildActionMask = 2147483647;
			files = (
				BAFC72F7993373B309F2DE9E /* Pods_PokemonsAppTests.framework in Frameworks */,
			);
			runOnlyForDeploymentPostprocessing = 0;
		};
		AC434EDB2B851BB80080281B /* Frameworks */ = {
			isa = PBXFrameworksBuildPhase;
			buildActionMask = 2147483647;
			files = (
				57B3CD98C070F582EBE23563 /* Pods_PokemonsApp_PokemonsAppUITests.framework in Frameworks */,
			);
			runOnlyForDeploymentPostprocessing = 0;
		};
/* End PBXFrameworksBuildPhase section */

/* Begin PBXGroup section */
		02952577F6B7A2474D6CB590 /* Pods */ = {
			isa = PBXGroup;
			children = (
				80DD7B8240ED9B67D769B566 /* Pods-PokemonsApp.debug.xcconfig */,
				3ADF423B887889611ECA1194 /* Pods-PokemonsApp.release.xcconfig */,
				1CDC424B342D872F1F498C3B /* Pods-PokemonsApp-PokemonsAppUITests.debug.xcconfig */,
				A4EC9F4290C76313D65D9A26 /* Pods-PokemonsApp-PokemonsAppUITests.release.xcconfig */,
				950B9314DA2B52B712856160 /* Pods-PokemonsAppTests.debug.xcconfig */,
				23159E5D170F28DD0DDD6F02 /* Pods-PokemonsAppTests.release.xcconfig */,
			);
			path = Pods;
			sourceTree = "<group>";
		};
		6F14DA34F9BB61DA14C96D38 /* Frameworks */ = {
			isa = PBXGroup;
			children = (
				565631B9300A283D59E6B2F9 /* Pods_PokemonsApp.framework */,
				FCBD89F338180B83DA150187 /* Pods_PokemonsApp_PokemonsAppUITests.framework */,
				1A188BDE5184028D6EBA0B07 /* Pods_PokemonsAppTests.framework */,
			);
			name = Frameworks;
			sourceTree = "<group>";
		};
		AC434EB52B851BB60080281B = {
			isa = PBXGroup;
			children = (
				AC434EC02B851BB60080281B /* PokemonsApp */,
				AC434ED72B851BB80080281B /* PokemonsAppTests */,
				AC434EE12B851BB80080281B /* PokemonsAppUITests */,
				AC434EBF2B851BB60080281B /* Products */,
				02952577F6B7A2474D6CB590 /* Pods */,
				6F14DA34F9BB61DA14C96D38 /* Frameworks */,
			);
			sourceTree = "<group>";
		};
		AC434EBF2B851BB60080281B /* Products */ = {
			isa = PBXGroup;
			children = (
				AC434EBE2B851BB60080281B /* PokemonsApp.app */,
				AC434ED42B851BB80080281B /* PokemonsAppTests.xctest */,
				AC434EDE2B851BB80080281B /* PokemonsAppUITests.xctest */,
			);
			name = Products;
			sourceTree = "<group>";
		};
		AC434EC02B851BB60080281B /* PokemonsApp */ = {
			isa = PBXGroup;
			children = (
				AC434EC12B851BB60080281B /* AppDelegate.swift */,
				AC434EC32B851BB60080281B /* SceneDelegate.swift */,
				AC434EF12B853D310080281B /* PokemonList */,
				AC72FA102B87D91700CCBCD6 /* PokemonDetail */,
				AC434ECA2B851BB80080281B /* Assets.xcassets */,
				AC434ECC2B851BB80080281B /* LaunchScreen.storyboard */,
				AC7F19D52B86763400194D1F /* Main.storyboard */,
				AC434ECF2B851BB80080281B /* Info.plist */,
			);
			path = PokemonsApp;
			sourceTree = "<group>";
		};
		AC434ED72B851BB80080281B /* PokemonsAppTests */ = {
			isa = PBXGroup;
			children = (
				AC434ED82B851BB80080281B /* PokemonsAppTests.swift */,
			);
			path = PokemonsAppTests;
			sourceTree = "<group>";
		};
		AC434EE12B851BB80080281B /* PokemonsAppUITests */ = {
			isa = PBXGroup;
			children = (
				AC434EE22B851BB80080281B /* PokemonsAppUITests.swift */,
				AC434EE42B851BB80080281B /* PokemonsAppUITestsLaunchTests.swift */,
			);
			path = PokemonsAppUITests;
			sourceTree = "<group>";
		};
		AC434EF12B853D310080281B /* PokemonList */ = {
			isa = PBXGroup;
			children = (
				AC434EC52B851BB60080281B /* PokemonListViewController.swift */,
				AC434EF22B8540030080281B /* PokemonListInteractor.swift */,
				AC434EF42B8540500080281B /* PokemonListPresenter.swift */,
				AC434EF62B8541610080281B /* PokemonListModel.swift */,
				AC7F19D32B866E5800194D1F /* PokemonListWorker.swift */,
			);
			path = PokemonList;
			sourceTree = "<group>";
		};
		AC72FA102B87D91700CCBCD6 /* PokemonDetail */ = {
			isa = PBXGroup;
			children = (
				AC72FA112B87D94F00CCBCD6 /* PokemonDetailViewController.swift */,
				AC72FA132B87D9F000CCBCD6 /* PokemonDetailInteractor.swift */,
				AC72FA152B87DA6D00CCBCD6 /* PokemonDetailPresenter.swift */,
				AC72FA172B87DAC700CCBCD6 /* PokemonDetailModel.swift */,
				AC72FA192B87DB0500CCBCD6 /* PokemonDetailWorker.swift */,
			);
			path = PokemonDetail;
			sourceTree = "<group>";
		};
/* End PBXGroup section */

/* Begin PBXNativeTarget section */
		AC434EBD2B851BB60080281B /* PokemonsApp */ = {
			isa = PBXNativeTarget;
			buildConfigurationList = AC434EE82B851BB80080281B /* Build configuration list for PBXNativeTarget "PokemonsApp" */;
			buildPhases = (
				A8B53B051DD050325FC80D25 /* [CP] Check Pods Manifest.lock */,
				AC434EBA2B851BB60080281B /* Sources */,
				AC434EBB2B851BB60080281B /* Frameworks */,
				AC434EBC2B851BB60080281B /* Resources */,
				196298D7B281BC3CAE10038D /* [CP] Embed Pods Frameworks */,
			);
			buildRules = (
			);
			dependencies = (
			);
			name = PokemonsApp;
			productName = PokemonsApp;
			productReference = AC434EBE2B851BB60080281B /* PokemonsApp.app */;
			productType = "com.apple.product-type.application";
		};
		AC434ED32B851BB80080281B /* PokemonsAppTests */ = {
			isa = PBXNativeTarget;
			buildConfigurationList = AC434EEB2B851BB80080281B /* Build configuration list for PBXNativeTarget "PokemonsAppTests" */;
			buildPhases = (
				02AB925B9892CAC266AA5C55 /* [CP] Check Pods Manifest.lock */,
				AC434ED02B851BB80080281B /* Sources */,
				AC434ED12B851BB80080281B /* Frameworks */,
				AC434ED22B851BB80080281B /* Resources */,
			);
			buildRules = (
			);
			dependencies = (
				AC434ED62B851BB80080281B /* PBXTargetDependency */,
			);
			name = PokemonsAppTests;
			productName = PokemonsAppTests;
			productReference = AC434ED42B851BB80080281B /* PokemonsAppTests.xctest */;
			productType = "com.apple.product-type.bundle.unit-test";
		};
		AC434EDD2B851BB80080281B /* PokemonsAppUITests */ = {
			isa = PBXNativeTarget;
			buildConfigurationList = AC434EEE2B851BB80080281B /* Build configuration list for PBXNativeTarget "PokemonsAppUITests" */;
			buildPhases = (
				AF8BB08B58B01213520CC749 /* [CP] Check Pods Manifest.lock */,
				AC434EDA2B851BB80080281B /* Sources */,
				AC434EDB2B851BB80080281B /* Frameworks */,
				AC434EDC2B851BB80080281B /* Resources */,
				EAFAA5930EF6F5EECE282CF8 /* [CP] Embed Pods Frameworks */,
			);
			buildRules = (
			);
			dependencies = (
				AC434EE02B851BB80080281B /* PBXTargetDependency */,
			);
			name = PokemonsAppUITests;
			productName = PokemonsAppUITests;
			productReference = AC434EDE2B851BB80080281B /* PokemonsAppUITests.xctest */;
			productType = "com.apple.product-type.bundle.ui-testing";
		};
/* End PBXNativeTarget section */

/* Begin PBXProject section */
		AC434EB62B851BB60080281B /* Project object */ = {
			isa = PBXProject;
			attributes = {
				BuildIndependentTargetsInParallel = 1;
				LastSwiftUpdateCheck = 1520;
				LastUpgradeCheck = 1520;
				TargetAttributes = {
					AC434EBD2B851BB60080281B = {
						CreatedOnToolsVersion = 15.2;
					};
					AC434ED32B851BB80080281B = {
						CreatedOnToolsVersion = 15.2;
						TestTargetID = AC434EBD2B851BB60080281B;
					};
					AC434EDD2B851BB80080281B = {
						CreatedOnToolsVersion = 15.2;
						TestTargetID = AC434EBD2B851BB60080281B;
					};
				};
			};
			buildConfigurationList = AC434EB92B851BB60080281B /* Build configuration list for PBXProject "PokemonsApp" */;
			compatibilityVersion = "Xcode 14.0";
			developmentRegion = en;
			hasScannedForEncodings = 0;
			knownRegions = (
				en,
				Base,
			);
			mainGroup = AC434EB52B851BB60080281B;
			productRefGroup = AC434EBF2B851BB60080281B /* Products */;
			projectDirPath = "";
			projectRoot = "";
			targets = (
				AC434EBD2B851BB60080281B /* PokemonsApp */,
				AC434ED32B851BB80080281B /* PokemonsAppTests */,
				AC434EDD2B851BB80080281B /* PokemonsAppUITests */,
			);
		};
/* End PBXProject section */

/* Begin PBXResourcesBuildPhase section */
		AC434EBC2B851BB60080281B /* Resources */ = {
			isa = PBXResourcesBuildPhase;
			buildActionMask = 2147483647;
			files = (
				AC7F19D62B86763400194D1F /* Main.storyboard in Resources */,
				AC434ECE2B851BB80080281B /* LaunchScreen.storyboard in Resources */,
				AC434ECB2B851BB80080281B /* Assets.xcassets in Resources */,
			);
			runOnlyForDeploymentPostprocessing = 0;
		};
		AC434ED22B851BB80080281B /* Resources */ = {
			isa = PBXResourcesBuildPhase;
			buildActionMask = 2147483647;
			files = (
				AC7F19D72B86763400194D1F /* Main.storyboard in Resources */,
			);
			runOnlyForDeploymentPostprocessing = 0;
		};
		AC434EDC2B851BB80080281B /* Resources */ = {
			isa = PBXResourcesBuildPhase;
			buildActionMask = 2147483647;
			files = (
				AC7F19D82B86763400194D1F /* Main.storyboard in Resources */,
			);
			runOnlyForDeploymentPostprocessing = 0;
		};
/* End PBXResourcesBuildPhase section */

/* Begin PBXShellScriptBuildPhase section */
		02AB925B9892CAC266AA5C55 /* [CP] Check Pods Manifest.lock */ = {
			isa = PBXShellScriptBuildPhase;
			buildActionMask = 2147483647;
			files = (
			);
			inputFileListPaths = (
			);
			inputPaths = (
				"${PODS_PODFILE_DIR_PATH}/Podfile.lock",
				"${PODS_ROOT}/Manifest.lock",
			);
			name = "[CP] Check Pods Manifest.lock";
			outputFileListPaths = (
			);
			outputPaths = (
				"$(DERIVED_FILE_DIR)/Pods-PokemonsAppTests-checkManifestLockResult.txt",
			);
			runOnlyForDeploymentPostprocessing = 0;
			shellPath = /bin/sh;
			shellScript = "diff \"${PODS_PODFILE_DIR_PATH}/Podfile.lock\" \"${PODS_ROOT}/Manifest.lock\" > /dev/null\nif [ $? != 0 ] ; then\n    # print error to STDERR\n    echo \"error: The sandbox is not in sync with the Podfile.lock. Run 'pod install' or update your CocoaPods installation.\" >&2\n    exit 1\nfi\n# This output is used by Xcode 'outputs' to avoid re-running this script phase.\necho \"SUCCESS\" > \"${SCRIPT_OUTPUT_FILE_0}\"\n";
			showEnvVarsInLog = 0;
		};
		196298D7B281BC3CAE10038D /* [CP] Embed Pods Frameworks */ = {
			isa = PBXShellScriptBuildPhase;
			buildActionMask = 2147483647;
			files = (
			);
			inputFileListPaths = (
				"${PODS_ROOT}/Target Support Files/Pods-PokemonsApp/Pods-PokemonsApp-frameworks-${CONFIGURATION}-input-files.xcfilelist",
			);
			name = "[CP] Embed Pods Frameworks";
			outputFileListPaths = (
				"${PODS_ROOT}/Target Support Files/Pods-PokemonsApp/Pods-PokemonsApp-frameworks-${CONFIGURATION}-output-files.xcfilelist",
			);
			runOnlyForDeploymentPostprocessing = 0;
			shellPath = /bin/sh;
			shellScript = "\"${PODS_ROOT}/Target Support Files/Pods-PokemonsApp/Pods-PokemonsApp-frameworks.sh\"\n";
			showEnvVarsInLog = 0;
		};
		A8B53B051DD050325FC80D25 /* [CP] Check Pods Manifest.lock */ = {
			isa = PBXShellScriptBuildPhase;
			buildActionMask = 2147483647;
			files = (
			);
			inputFileListPaths = (
			);
			inputPaths = (
				"${PODS_PODFILE_DIR_PATH}/Podfile.lock",
				"${PODS_ROOT}/Manifest.lock",
			);
			name = "[CP] Check Pods Manifest.lock";
			outputFileListPaths = (
			);
			outputPaths = (
				"$(DERIVED_FILE_DIR)/Pods-PokemonsApp-checkManifestLockResult.txt",
			);
			runOnlyForDeploymentPostprocessing = 0;
			shellPath = /bin/sh;
			shellScript = "diff \"${PODS_PODFILE_DIR_PATH}/Podfile.lock\" \"${PODS_ROOT}/Manifest.lock\" > /dev/null\nif [ $? != 0 ] ; then\n    # print error to STDERR\n    echo \"error: The sandbox is not in sync with the Podfile.lock. Run 'pod install' or update your CocoaPods installation.\" >&2\n    exit 1\nfi\n# This output is used by Xcode 'outputs' to avoid re-running this script phase.\necho \"SUCCESS\" > \"${SCRIPT_OUTPUT_FILE_0}\"\n";
			showEnvVarsInLog = 0;
		};
		AF8BB08B58B01213520CC749 /* [CP] Check Pods Manifest.lock */ = {
			isa = PBXShellScriptBuildPhase;
			buildActionMask = 2147483647;
			files = (
			);
			inputFileListPaths = (
			);
			inputPaths = (
				"${PODS_PODFILE_DIR_PATH}/Podfile.lock",
				"${PODS_ROOT}/Manifest.lock",
			);
			name = "[CP] Check Pods Manifest.lock";
			outputFileListPaths = (
			);
			outputPaths = (
				"$(DERIVED_FILE_DIR)/Pods-PokemonsApp-PokemonsAppUITests-checkManifestLockResult.txt",
			);
			runOnlyForDeploymentPostprocessing = 0;
			shellPath = /bin/sh;
			shellScript = "diff \"${PODS_PODFILE_DIR_PATH}/Podfile.lock\" \"${PODS_ROOT}/Manifest.lock\" > /dev/null\nif [ $? != 0 ] ; then\n    # print error to STDERR\n    echo \"error: The sandbox is not in sync with the Podfile.lock. Run 'pod install' or update your CocoaPods installation.\" >&2\n    exit 1\nfi\n# This output is used by Xcode 'outputs' to avoid re-running this script phase.\necho \"SUCCESS\" > \"${SCRIPT_OUTPUT_FILE_0}\"\n";
			showEnvVarsInLog = 0;
		};
		EAFAA5930EF6F5EECE282CF8 /* [CP] Embed Pods Frameworks */ = {
			isa = PBXShellScriptBuildPhase;
			buildActionMask = 2147483647;
			files = (
			);
			inputFileListPaths = (
				"${PODS_ROOT}/Target Support Files/Pods-PokemonsApp-PokemonsAppUITests/Pods-PokemonsApp-PokemonsAppUITests-frameworks-${CONFIGURATION}-input-files.xcfilelist",
			);
			name = "[CP] Embed Pods Frameworks";
			outputFileListPaths = (
				"${PODS_ROOT}/Target Support Files/Pods-PokemonsApp-PokemonsAppUITests/Pods-PokemonsApp-PokemonsAppUITests-frameworks-${CONFIGURATION}-output-files.xcfilelist",
			);
			runOnlyForDeploymentPostprocessing = 0;
			shellPath = /bin/sh;
			shellScript = "\"${PODS_ROOT}/Target Support Files/Pods-PokemonsApp-PokemonsAppUITests/Pods-PokemonsApp-PokemonsAppUITests-frameworks.sh\"\n";
			showEnvVarsInLog = 0;
		};
/* End PBXShellScriptBuildPhase section */

/* Begin PBXSourcesBuildPhase section */
		AC434EBA2B851BB60080281B /* Sources */ = {
			isa = PBXSourcesBuildPhase;
			buildActionMask = 2147483647;
			files = (
				AC434EC62B851BB60080281B /* PokemonListViewController.swift in Sources */,
				AC72FA182B87DAC700CCBCD6 /* PokemonDetailModel.swift in Sources */,
				AC72FA162B87DA6D00CCBCD6 /* PokemonDetailPresenter.swift in Sources */,
				AC434EC22B851BB60080281B /* AppDelegate.swift in Sources */,
				AC434EF52B8540500080281B /* PokemonListPresenter.swift in Sources */,
				AC434EF72B8541610080281B /* PokemonListModel.swift in Sources */,
				AC72FA1A2B87DB0500CCBCD6 /* PokemonDetailWorker.swift in Sources */,
				AC7F19D42B866E5800194D1F /* PokemonListWorker.swift in Sources */,
				AC72FA142B87D9F000CCBCD6 /* PokemonDetailInteractor.swift in Sources */,
				AC72FA122B87D94F00CCBCD6 /* PokemonDetailViewController.swift in Sources */,
				AC434EF32B8540030080281B /* PokemonListInteractor.swift in Sources */,
				AC434EC42B851BB60080281B /* SceneDelegate.swift in Sources */,
			);
			runOnlyForDeploymentPostprocessing = 0;
		};
		AC434ED02B851BB80080281B /* Sources */ = {
			isa = PBXSourcesBuildPhase;
			buildActionMask = 2147483647;
			files = (
				AC434ED92B851BB80080281B /* PokemonsAppTests.swift in Sources */,
			);
			runOnlyForDeploymentPostprocessing = 0;
		};
		AC434EDA2B851BB80080281B /* Sources */ = {
			isa = PBXSourcesBuildPhase;
			buildActionMask = 2147483647;
			files = (
				AC434EE52B851BB80080281B /* PokemonsAppUITestsLaunchTests.swift in Sources */,
				AC434EE32B851BB80080281B /* PokemonsAppUITests.swift in Sources */,
			);
			runOnlyForDeploymentPostprocessing = 0;
		};
/* End PBXSourcesBuildPhase section */

/* Begin PBXTargetDependency section */
		AC434ED62B851BB80080281B /* PBXTargetDependency */ = {
			isa = PBXTargetDependency;
			target = AC434EBD2B851BB60080281B /* PokemonsApp */;
			targetProxy = AC434ED52B851BB80080281B /* PBXContainerItemProxy */;
		};
		AC434EE02B851BB80080281B /* PBXTargetDependency */ = {
			isa = PBXTargetDependency;
			target = AC434EBD2B851BB60080281B /* PokemonsApp */;
			targetProxy = AC434EDF2B851BB80080281B /* PBXContainerItemProxy */;
		};
/* End PBXTargetDependency section */

/* Begin PBXVariantGroup section */
		AC434ECC2B851BB80080281B /* LaunchScreen.storyboard */ = {
			isa = PBXVariantGroup;
			children = (
				AC434ECD2B851BB80080281B /* Base */,
			);
			name = LaunchScreen.storyboard;
			sourceTree = "<group>";
		};
/* End PBXVariantGroup section */

/* Begin XCBuildConfiguration section */
		AC434EE62B851BB80080281B /* Debug */ = {
			isa = XCBuildConfiguration;
			buildSettings = {
				ALWAYS_SEARCH_USER_PATHS = NO;
				ASSETCATALOG_COMPILER_GENERATE_SWIFT_ASSET_SYMBOL_EXTENSIONS = YES;
				CLANG_ANALYZER_NONNULL = YES;
				CLANG_ANALYZER_NUMBER_OBJECT_CONVERSION = YES_AGGRESSIVE;
				CLANG_CXX_LANGUAGE_STANDARD = "gnu++20";
				CLANG_ENABLE_MODULES = YES;
				CLANG_ENABLE_OBJC_ARC = YES;
				CLANG_ENABLE_OBJC_WEAK = YES;
				CLANG_WARN_BLOCK_CAPTURE_AUTORELEASING = YES;
				CLANG_WARN_BOOL_CONVERSION = YES;
				CLANG_WARN_COMMA = YES;
				CLANG_WARN_CONSTANT_CONVERSION = YES;
				CLANG_WARN_DEPRECATED_OBJC_IMPLEMENTATIONS = YES;
				CLANG_WARN_DIRECT_OBJC_ISA_USAGE = YES_ERROR;
				CLANG_WARN_DOCUMENTATION_COMMENTS = YES;
				CLANG_WARN_EMPTY_BODY = YES;
				CLANG_WARN_ENUM_CONVERSION = YES;
				CLANG_WARN_INFINITE_RECURSION = YES;
				CLANG_WARN_INT_CONVERSION = YES;
				CLANG_WARN_NON_LITERAL_NULL_CONVERSION = YES;
				CLANG_WARN_OBJC_IMPLICIT_RETAIN_SELF = YES;
				CLANG_WARN_OBJC_LITERAL_CONVERSION = YES;
				CLANG_WARN_OBJC_ROOT_CLASS = YES_ERROR;
				CLANG_WARN_QUOTED_INCLUDE_IN_FRAMEWORK_HEADER = YES;
				CLANG_WARN_RANGE_LOOP_ANALYSIS = YES;
				CLANG_WARN_STRICT_PROTOTYPES = YES;
				CLANG_WARN_SUSPICIOUS_MOVE = YES;
				CLANG_WARN_UNGUARDED_AVAILABILITY = YES_AGGRESSIVE;
				CLANG_WARN_UNREACHABLE_CODE = YES;
				CLANG_WARN__DUPLICATE_METHOD_MATCH = YES;
				COPY_PHASE_STRIP = NO;
				DEBUG_INFORMATION_FORMAT = dwarf;
				ENABLE_STRICT_OBJC_MSGSEND = YES;
				ENABLE_TESTABILITY = YES;
				ENABLE_USER_SCRIPT_SANDBOXING = NO;
				GCC_C_LANGUAGE_STANDARD = gnu17;
				GCC_DYNAMIC_NO_PIC = NO;
				GCC_NO_COMMON_BLOCKS = YES;
				GCC_OPTIMIZATION_LEVEL = 0;
				GCC_PREPROCESSOR_DEFINITIONS = (
					"DEBUG=1",
					"$(inherited)",
				);
				GCC_WARN_64_TO_32_BIT_CONVERSION = YES;
				GCC_WARN_ABOUT_RETURN_TYPE = YES_ERROR;
				GCC_WARN_UNDECLARED_SELECTOR = YES;
				GCC_WARN_UNINITIALIZED_AUTOS = YES_AGGRESSIVE;
				GCC_WARN_UNUSED_FUNCTION = YES;
				GCC_WARN_UNUSED_VARIABLE = YES;
				IPHONEOS_DEPLOYMENT_TARGET = 17.2;
				LOCALIZATION_PREFERS_STRING_CATALOGS = YES;
				MTL_ENABLE_DEBUG_INFO = INCLUDE_SOURCE;
				MTL_FAST_MATH = YES;
				ONLY_ACTIVE_ARCH = YES;
				SDKROOT = iphoneos;
				SWIFT_ACTIVE_COMPILATION_CONDITIONS = "DEBUG $(inherited)";
				SWIFT_OPTIMIZATION_LEVEL = "-Onone";
			};
			name = Debug;
		};
		AC434EE72B851BB80080281B /* Release */ = {
			isa = XCBuildConfiguration;
			buildSettings = {
				ALWAYS_SEARCH_USER_PATHS = NO;
				ASSETCATALOG_COMPILER_GENERATE_SWIFT_ASSET_SYMBOL_EXTENSIONS = YES;
				CLANG_ANALYZER_NONNULL = YES;
				CLANG_ANALYZER_NUMBER_OBJECT_CONVERSION = YES_AGGRESSIVE;
				CLANG_CXX_LANGUAGE_STANDARD = "gnu++20";
				CLANG_ENABLE_MODULES = YES;
				CLANG_ENABLE_OBJC_ARC = YES;
				CLANG_ENABLE_OBJC_WEAK = YES;
				CLANG_WARN_BLOCK_CAPTURE_AUTORELEASING = YES;
				CLANG_WARN_BOOL_CONVERSION = YES;
				CLANG_WARN_COMMA = YES;
				CLANG_WARN_CONSTANT_CONVERSION = YES;
				CLANG_WARN_DEPRECATED_OBJC_IMPLEMENTATIONS = YES;
				CLANG_WARN_DIRECT_OBJC_ISA_USAGE = YES_ERROR;
				CLANG_WARN_DOCUMENTATION_COMMENTS = YES;
				CLANG_WARN_EMPTY_BODY = YES;
				CLANG_WARN_ENUM_CONVERSION = YES;
				CLANG_WARN_INFINITE_RECURSION = YES;
				CLANG_WARN_INT_CONVERSION = YES;
				CLANG_WARN_NON_LITERAL_NULL_CONVERSION = YES;
				CLANG_WARN_OBJC_IMPLICIT_RETAIN_SELF = YES;
				CLANG_WARN_OBJC_LITERAL_CONVERSION = YES;
				CLANG_WARN_OBJC_ROOT_CLASS = YES_ERROR;
				CLANG_WARN_QUOTED_INCLUDE_IN_FRAMEWORK_HEADER = YES;
				CLANG_WARN_RANGE_LOOP_ANALYSIS = YES;
				CLANG_WARN_STRICT_PROTOTYPES = YES;
				CLANG_WARN_SUSPICIOUS_MOVE = YES;
				CLANG_WARN_UNGUARDED_AVAILABILITY = YES_AGGRESSIVE;
				CLANG_WARN_UNREACHABLE_CODE = YES;
				CLANG_WARN__DUPLICATE_METHOD_MATCH = YES;
				COPY_PHASE_STRIP = NO;
				DEBUG_INFORMATION_FORMAT = "dwarf-with-dsym";
				ENABLE_NS_ASSERTIONS = NO;
				ENABLE_STRICT_OBJC_MSGSEND = YES;
				ENABLE_USER_SCRIPT_SANDBOXING = NO;
				GCC_C_LANGUAGE_STANDARD = gnu17;
				GCC_NO_COMMON_BLOCKS = YES;
				GCC_WARN_64_TO_32_BIT_CONVERSION = YES;
				GCC_WARN_ABOUT_RETURN_TYPE = YES_ERROR;
				GCC_WARN_UNDECLARED_SELECTOR = YES;
				GCC_WARN_UNINITIALIZED_AUTOS = YES_AGGRESSIVE;
				GCC_WARN_UNUSED_FUNCTION = YES;
				GCC_WARN_UNUSED_VARIABLE = YES;
				IPHONEOS_DEPLOYMENT_TARGET = 17.2;
				LOCALIZATION_PREFERS_STRING_CATALOGS = YES;
				MTL_ENABLE_DEBUG_INFO = NO;
				MTL_FAST_MATH = YES;
				SDKROOT = iphoneos;
				SWIFT_COMPILATION_MODE = wholemodule;
				VALIDATE_PRODUCT = YES;
			};
			name = Release;
		};
		AC434EE92B851BB80080281B /* Debug */ = {
			isa = XCBuildConfiguration;
			baseConfigurationReference = 80DD7B8240ED9B67D769B566 /* Pods-PokemonsApp.debug.xcconfig */;
			buildSettings = {
				ASSETCATALOG_COMPILER_APPICON_NAME = AppIcon;
				ASSETCATALOG_COMPILER_GLOBAL_ACCENT_COLOR_NAME = AccentColor;
				CODE_SIGN_STYLE = Automatic;
				CURRENT_PROJECT_VERSION = 1;
				DEVELOPMENT_TEAM = 7A9RB7PS5X;
				GENERATE_INFOPLIST_FILE = YES;
				INFOPLIST_FILE = PokemonsApp/Info.plist;
				INFOPLIST_KEY_UIApplicationSupportsIndirectInputEvents = YES;
				INFOPLIST_KEY_UILaunchStoryboardName = LaunchScreen;
				INFOPLIST_KEY_UIMainStoryboardFile = Main;
				INFOPLIST_KEY_UISupportedInterfaceOrientations_iPad = "UIInterfaceOrientationPortrait UIInterfaceOrientationPortraitUpsideDown UIInterfaceOrientationLandscapeLeft UIInterfaceOrientationLandscapeRight";
				INFOPLIST_KEY_UISupportedInterfaceOrientations_iPhone = "UIInterfaceOrientationPortrait UIInterfaceOrientationLandscapeLeft UIInterfaceOrientationLandscapeRight";
				LD_RUNPATH_SEARCH_PATHS = (
					"$(inherited)",
					"@executable_path/Frameworks",
				);
				MARKETING_VERSION = 1.0;
				PRODUCT_BUNDLE_IDENTIFIER = artem.tkachev.PokemonsApp;
				PRODUCT_NAME = "$(TARGET_NAME)";
				SWIFT_EMIT_LOC_STRINGS = YES;
				SWIFT_VERSION = 5.0;
				TARGETED_DEVICE_FAMILY = "1,2";
			};
			name = Debug;
		};
		AC434EEA2B851BB80080281B /* Release */ = {
			isa = XCBuildConfiguration;
			baseConfigurationReference = 3ADF423B887889611ECA1194 /* Pods-PokemonsApp.release.xcconfig */;
			buildSettings = {
				ASSETCATALOG_COMPILER_APPICON_NAME = AppIcon;
				ASSETCATALOG_COMPILER_GLOBAL_ACCENT_COLOR_NAME = AccentColor;
				CODE_SIGN_STYLE = Automatic;
				CURRENT_PROJECT_VERSION = 1;
				DEVELOPMENT_TEAM = 7A9RB7PS5X;
				GENERATE_INFOPLIST_FILE = YES;
				INFOPLIST_FILE = PokemonsApp/Info.plist;
				INFOPLIST_KEY_UIApplicationSupportsIndirectInputEvents = YES;
				INFOPLIST_KEY_UILaunchStoryboardName = LaunchScreen;
				INFOPLIST_KEY_UIMainStoryboardFile = Main;
				INFOPLIST_KEY_UISupportedInterfaceOrientations_iPad = "UIInterfaceOrientationPortrait UIInterfaceOrientationPortraitUpsideDown UIInterfaceOrientationLandscapeLeft UIInterfaceOrientationLandscapeRight";
				INFOPLIST_KEY_UISupportedInterfaceOrientations_iPhone = "UIInterfaceOrientationPortrait UIInterfaceOrientationLandscapeLeft UIInterfaceOrientationLandscapeRight";
				LD_RUNPATH_SEARCH_PATHS = (
					"$(inherited)",
					"@executable_path/Frameworks",
				);
				MARKETING_VERSION = 1.0;
				PRODUCT_BUNDLE_IDENTIFIER = artem.tkachev.PokemonsApp;
				PRODUCT_NAME = "$(TARGET_NAME)";
				SWIFT_EMIT_LOC_STRINGS = YES;
				SWIFT_VERSION = 5.0;
				TARGETED_DEVICE_FAMILY = "1,2";
			};
			name = Release;
		};
		AC434EEC2B851BB80080281B /* Debug */ = {
			isa = XCBuildConfiguration;
			baseConfigurationReference = 950B9314DA2B52B712856160 /* Pods-PokemonsAppTests.debug.xcconfig */;
			buildSettings = {
				ALWAYS_EMBED_SWIFT_STANDARD_LIBRARIES = YES;
				BUNDLE_LOADER = "$(TEST_HOST)";
				CODE_SIGN_STYLE = Automatic;
				CURRENT_PROJECT_VERSION = 1;
				DEVELOPMENT_TEAM = 7A9RB7PS5X;
				GENERATE_INFOPLIST_FILE = YES;
				IPHONEOS_DEPLOYMENT_TARGET = 17.2;
				MARKETING_VERSION = 1.0;
				PRODUCT_BUNDLE_IDENTIFIER = artem.tkachev.PokemonsAppTests;
				PRODUCT_NAME = "$(TARGET_NAME)";
				SWIFT_EMIT_LOC_STRINGS = NO;
				SWIFT_VERSION = 5.0;
				TARGETED_DEVICE_FAMILY = "1,2";
				TEST_HOST = "$(BUILT_PRODUCTS_DIR)/PokemonsApp.app/$(BUNDLE_EXECUTABLE_FOLDER_PATH)/PokemonsApp";
			};
			name = Debug;
		};
		AC434EED2B851BB80080281B /* Release */ = {
			isa = XCBuildConfiguration;
			baseConfigurationReference = 23159E5D170F28DD0DDD6F02 /* Pods-PokemonsAppTests.release.xcconfig */;
			buildSettings = {
				ALWAYS_EMBED_SWIFT_STANDARD_LIBRARIES = YES;
				BUNDLE_LOADER = "$(TEST_HOST)";
				CODE_SIGN_STYLE = Automatic;
				CURRENT_PROJECT_VERSION = 1;
				DEVELOPMENT_TEAM = 7A9RB7PS5X;
				GENERATE_INFOPLIST_FILE = YES;
				IPHONEOS_DEPLOYMENT_TARGET = 17.2;
				MARKETING_VERSION = 1.0;
				PRODUCT_BUNDLE_IDENTIFIER = artem.tkachev.PokemonsAppTests;
				PRODUCT_NAME = "$(TARGET_NAME)";
				SWIFT_EMIT_LOC_STRINGS = NO;
				SWIFT_VERSION = 5.0;
				TARGETED_DEVICE_FAMILY = "1,2";
				TEST_HOST = "$(BUILT_PRODUCTS_DIR)/PokemonsApp.app/$(BUNDLE_EXECUTABLE_FOLDER_PATH)/PokemonsApp";
			};
			name = Release;
		};
		AC434EEF2B851BB80080281B /* Debug */ = {
			isa = XCBuildConfiguration;
			baseConfigurationReference = 1CDC424B342D872F1F498C3B /* Pods-PokemonsApp-PokemonsAppUITests.debug.xcconfig */;
			buildSettings = {
				ALWAYS_EMBED_SWIFT_STANDARD_LIBRARIES = YES;
				CODE_SIGN_STYLE = Automatic;
				CURRENT_PROJECT_VERSION = 1;
				DEVELOPMENT_TEAM = 7A9RB7PS5X;
				GENERATE_INFOPLIST_FILE = YES;
				MARKETING_VERSION = 1.0;
				PRODUCT_BUNDLE_IDENTIFIER = artem.tkachev.PokemonsAppUITests;
				PRODUCT_NAME = "$(TARGET_NAME)";
				SWIFT_EMIT_LOC_STRINGS = NO;
				SWIFT_VERSION = 5.0;
				TARGETED_DEVICE_FAMILY = "1,2";
				TEST_TARGET_NAME = PokemonsApp;
			};
			name = Debug;
		};
		AC434EF02B851BB80080281B /* Release */ = {
			isa = XCBuildConfiguration;
			baseConfigurationReference = A4EC9F4290C76313D65D9A26 /* Pods-PokemonsApp-PokemonsAppUITests.release.xcconfig */;
			buildSettings = {
				ALWAYS_EMBED_SWIFT_STANDARD_LIBRARIES = YES;
				CODE_SIGN_STYLE = Automatic;
				CURRENT_PROJECT_VERSION = 1;
				DEVELOPMENT_TEAM = 7A9RB7PS5X;
				GENERATE_INFOPLIST_FILE = YES;
				MARKETING_VERSION = 1.0;
				PRODUCT_BUNDLE_IDENTIFIER = artem.tkachev.PokemonsAppUITests;
				PRODUCT_NAME = "$(TARGET_NAME)";
				SWIFT_EMIT_LOC_STRINGS = NO;
				SWIFT_VERSION = 5.0;
				TARGETED_DEVICE_FAMILY = "1,2";
				TEST_TARGET_NAME = PokemonsApp;
			};
			name = Release;
		};
/* End XCBuildConfiguration section */

/* Begin XCConfigurationList section */
		AC434EB92B851BB60080281B /* Build configuration list for PBXProject "PokemonsApp" */ = {
			isa = XCConfigurationList;
			buildConfigurations = (
				AC434EE62B851BB80080281B /* Debug */,
				AC434EE72B851BB80080281B /* Release */,
			);
			defaultConfigurationIsVisible = 0;
			defaultConfigurationName = Release;
		};
		AC434EE82B851BB80080281B /* Build configuration list for PBXNativeTarget "PokemonsApp" */ = {
			isa = XCConfigurationList;
			buildConfigurations = (
				AC434EE92B851BB80080281B /* Debug */,
				AC434EEA2B851BB80080281B /* Release */,
			);
			defaultConfigurationIsVisible = 0;
			defaultConfigurationName = Release;
		};
		AC434EEB2B851BB80080281B /* Build configuration list for PBXNativeTarget "PokemonsAppTests" */ = {
			isa = XCConfigurationList;
			buildConfigurations = (
				AC434EEC2B851BB80080281B /* Debug */,
				AC434EED2B851BB80080281B /* Release */,
			);
			defaultConfigurationIsVisible = 0;
			defaultConfigurationName = Release;
		};
		AC434EEE2B851BB80080281B /* Build configuration list for PBXNativeTarget "PokemonsAppUITests" */ = {
			isa = XCConfigurationList;
			buildConfigurations = (
				AC434EEF2B851BB80080281B /* Debug */,
				AC434EF02B851BB80080281B /* Release */,
			);
			defaultConfigurationIsVisible = 0;
			defaultConfigurationName = Release;
		};
/* End XCConfigurationList section */
	};
	rootObject = AC434EB62B851BB60080281B /* Project object */;
}
